
Microsoft Visual Studio Solution File, Format Version 12.00
# Visual Studio Version 16
VisualStudioVersion = 16.0.809.0
MinimumVisualStudioVersion = 10.0.40219.1
Project("{FAE04EC0-301F-11D3-BF4B-00C04F79EFBC}") = "db_parsing", "db_parsing.csproj", "{99531BC5-D833-4FCD-AC3B-C08BACCB2B9E}"
EndProject
Global
	GlobalSection(SolutionConfigurationPlatforms) = preSolution
		Debug|Any CPU = Debug|Any CPU
		Release|Any CPU = Release|Any CPU
	EndGlobalSection
	GlobalSection(ProjectConfigurationPlatforms) = postSolution
		{99531BC5-D833-4FCD-AC3B-C08BACCB2B9E}.Debug|Any CPU.ActiveCfg = Debug|Any CPU
		{99531BC5-D833-4FCD-AC3B-C08BACCB2B9E}.Debug|Any CPU.Build.0 = Debug|Any CPU
		{99531BC5-D833-4FCD-AC3B-C08BACCB2B9E}.Release|Any CPU.ActiveCfg = Release|Any CPU
		{99531BC5-D833-4FCD-AC3B-C08BACCB2B9E}.Release|Any CPU.Build.0 = Release|Any CPU
	EndGlobalSection
	GlobalSection(SolutionProperties) = preSolution
		HideSolutionNode = FALSE
	EndGlobalSection
	GlobalSection(ExtensibilityGlobals) = postSolution
		SolutionGuid = {FA978BB2-FD9F-4158-8CB4-260571AE7062}
	EndGlobalSection
EndGlobal
